
Microsoft Visual Studio Solution File, Format Version 12.00
Project("{FAE04EC0-301F-11D3-BF4B-00C04F79EFBC}") = "PetStore", "PetStore\PetStore.csproj", "{34E01C95-D194-4D2D-9682-586911B2CDB4}"
EndProject
Global
	GlobalSection(SolutionConfigurationPlatforms) = preSolution
		Debug|Any CPU = Debug|Any CPU
		Release|Any CPU = Release|Any CPU
	EndGlobalSection
	GlobalSection(ProjectConfigurationPlatforms) = postSolution
		{34E01C95-D194-4D2D-9682-586911B2CDB4}.Debug|Any CPU.ActiveCfg = Debug|Any CPU
		{34E01C95-D194-4D2D-9682-586911B2CDB4}.Debug|Any CPU.Build.0 = Debug|Any CPU
		{34E01C95-D194-4D2D-9682-586911B2CDB4}.Release|Any CPU.ActiveCfg = Release|Any CPU
		{34E01C95-D194-4D2D-9682-586911B2CDB4}.Release|Any CPU.Build.0 = Release|Any CPU
	EndGlobalSection
EndGlobal
